
Microsoft Visual Studio Solution File, Format Version 12.00
# Visual Studio Version 16
VisualStudioVersion = 16.0.30320.27
MinimumVisualStudioVersion = 10.0.40219.1
Project("{9A19103F-16F7-4668-BE54-9A1E7A4F7556}") = "SM Programming Exercise", "SM Programming Exercise\SM Programming Exercise.csproj", "{5C8FCAF3-2CA1-4CB8-9DFE-546BD54C9C1A}"
EndProject
Project("{9A19103F-16F7-4668-BE54-9A1E7A4F7556}") = "Unit Tests", "Tests\Unit Tests.csproj", "{5CBFA8F9-8D32-4EA2-8B08-B7BAABC3C8BC}"
EndProject
Project("{2150E333-8FDC-42A3-9474-1A3956D46DE8}") = "Solution Items", "Solution Items", "{F0A6F5EA-7376-4644-A28F-A02682E842C1}"
	ProjectSection(SolutionItems) = preProject
		README.md = README.md
	EndProjectSection
EndProject
Global
	GlobalSection(SolutionConfigurationPlatforms) = preSolution
		Debug|Any CPU = Debug|Any CPU
		Release|Any CPU = Release|Any CPU
	EndGlobalSection
	GlobalSection(ProjectConfigurationPlatforms) = postSolution
		{5C8FCAF3-2CA1-4CB8-9DFE-546BD54C9C1A}.Debug|Any CPU.ActiveCfg = Debug|Any CPU
		{5C8FCAF3-2CA1-4CB8-9DFE-546BD54C9C1A}.Debug|Any CPU.Build.0 = Debug|Any CPU
		{5C8FCAF3-2CA1-4CB8-9DFE-546BD54C9C1A}.Release|Any CPU.ActiveCfg = Release|Any CPU
		{5C8FCAF3-2CA1-4CB8-9DFE-546BD54C9C1A}.Release|Any CPU.Build.0 = Release|Any CPU
		{5CBFA8F9-8D32-4EA2-8B08-B7BAABC3C8BC}.Debug|Any CPU.ActiveCfg = Debug|Any CPU
		{5CBFA8F9-8D32-4EA2-8B08-B7BAABC3C8BC}.Debug|Any CPU.Build.0 = Debug|Any CPU
		{5CBFA8F9-8D32-4EA2-8B08-B7BAABC3C8BC}.Release|Any CPU.ActiveCfg = Release|Any CPU
		{5CBFA8F9-8D32-4EA2-8B08-B7BAABC3C8BC}.Release|Any CPU.Build.0 = Release|Any CPU
	EndGlobalSection
	GlobalSection(SolutionProperties) = preSolution
		HideSolutionNode = FALSE
	EndGlobalSection
	GlobalSection(ExtensibilityGlobals) = postSolution
		SolutionGuid = {E64A9B06-349C-44A8-864A-159342C0AA32}
	EndGlobalSection
EndGlobal
